
Microsoft Visual Studio Solution File, Format Version 12.00
# Visual Studio Version 16
VisualStudioVersion = 16.0.34407.143
MinimumVisualStudioVersion = 10.0.40219.1
Project("{FAE04EC0-301F-11D3-BF4B-00C04F79EFBC}") = "ReferensFiles", "ReferensFiles\ReferensFiles.csproj", "{C5606A97-EF37-4791-995E-BA679BA912BA}"
EndProject
Global
	GlobalSection(SolutionConfigurationPlatforms) = preSolution
		Debug|Any CPU = Debug|Any CPU
		Release|Any CPU = Release|Any CPU
	EndGlobalSection
	GlobalSection(ProjectConfigurationPlatforms) = postSolution
		{C5606A97-EF37-4791-995E-BA679BA912BA}.Debug|Any CPU.ActiveCfg = Debug|Any CPU
		{C5606A97-EF37-4791-995E-BA679BA912BA}.Debug|Any CPU.Build.0 = Debug|Any CPU
		{C5606A97-EF37-4791-995E-BA679BA912BA}.Release|Any CPU.ActiveCfg = Release|Any CPU
		{C5606A97-EF37-4791-995E-BA679BA912BA}.Release|Any CPU.Build.0 = Release|Any CPU
	EndGlobalSection
	GlobalSection(SolutionProperties) = preSolution
		HideSolutionNode = FALSE
	EndGlobalSection
	GlobalSection(ExtensibilityGlobals) = postSolution
		SolutionGuid = {AC5894A6-F527-46CC-9F54-F07C4A8292FF}
	EndGlobalSection
EndGlobal
